// !$*UTF8*$!
{
	archiveVersion = 1;
	classes = {
	};
	objectVersion = 48;
	objects = {

/* Begin PBXBuildFile section */
		C543BF50217F0EE200743928 /* AppDelegate.m in Sources */ = {isa = PBXBuildFile; fileRef = C543BF4F217F0EE200743928 /* AppDelegate.m */; };
		C543BF53217F0EE200743928 /* ViewController.m in Sources */ = {isa = PBXBuildFile; fileRef = C543BF52217F0EE200743928 /* ViewController.m */; };
		C543BF56217F0EE200743928 /* Main.storyboard in Resources */ = {isa = PBXBuildFile; fileRef = C543BF54217F0EE200743928 /* Main.storyboard */; };
		C543BF58217F0EE200743928 /* Assets.xcassets in Resources */ = {isa = PBXBuildFile; fileRef = C543BF57217F0EE200743928 /* Assets.xcassets */; };
		C543BF5B217F0EE200743928 /* LaunchScreen.storyboard in Resources */ = {isa = PBXBuildFile; fileRef = C543BF59217F0EE200743928 /* LaunchScreen.storyboard */; };
		C543BF5E217F0EE200743928 /* main.m in Sources */ = {isa = PBXBuildFile; fileRef = C543BF5D217F0EE200743928 /* main.m */; };
		C5F55F6F218976FE0057C57A /* ViewController+CATEGORY.m in Sources */ = {isa = PBXBuildFile; fileRef = C5F55F6E218976FE0057C57A /* ViewController+CATEGORY.m */; };
/* End PBXBuildFile section */

/* Begin PBXFileReference section */
		C543BF4B217F0EE200743928 /* TestRuntime.app */ = {isa = PBXFileReference; explicitFileType = wrapper.application; includeInIndex = 0; path = TestRuntime.app; sourceTree = BUILT_PRODUCTS_DIR; };
		C543BF4E217F0EE200743928 /* AppDelegate.h */ = {isa = PBXFileReference; lastKnownFileType = sourcecode.c.h; path = AppDelegate.h; sourceTree = "<group>"; };
		C543BF4F217F0EE200743928 /* AppDelegate.m */ = {isa = PBXFileReference; lastKnownFileType = sourcecode.c.objc; path = AppDelegate.m; sourceTree = "<group>"; };
		C543BF51217F0EE200743928 /* ViewController.h */ = {isa = PBXFileReference; lastKnownFileType = sourcecode.c.h; path = ViewController.h; sourceTree = "<group>"; };
		C543BF52217F0EE200743928 /* ViewController.m */ = {isa = PBXFileReference; lastKnownFileType = sourcecode.c.objc; path = ViewController.m; sourceTree = "<group>"; };
		C543BF55217F0EE200743928 /* Base */ = {isa = PBXFileReference; lastKnownFileType = file.storyboard; name = Base; path = Base.lproj/Main.storyboard; sourceTree = "<group>"; };
		C543BF57217F0EE200743928 /* Assets.xcassets */ = {isa = PBXFileReference; lastKnownFileType = folder.assetcatalog; path = Assets.xcassets; sourceTree = "<group>"; };
		C543BF5A217F0EE200743928 /* Base */ = {isa = PBXFileReference; lastKnownFileType = file.storyboard; name = Base; path = Base.lproj/LaunchScreen.storyboard; sourceTree = "<group>"; };
		C543BF5C217F0EE200743928 /* Info.plist */ = {isa = PBXFileReference; lastKnownFileType = text.plist.xml; path = Info.plist; sourceTree = "<group>"; };
		C543BF5D217F0EE200743928 /* main.m */ = {isa = PBXFileReference; lastKnownFileType = sourcecode.c.objc; path = main.m; sourceTree = "<group>"; };
		C5F55F6D218976FE0057C57A /* ViewController+CATEGORY.h */ = {isa = PBXFileReference; lastKnownFileType = sourcecode.c.h; path = "ViewController+CATEGORY.h"; sourceTree = "<group>"; };
		C5F55F6E218976FE0057C57A /* ViewController+CATEGORY.m */ = {isa = PBXFileReference; lastKnownFileType = sourcecode.c.objc; path = "ViewController+CATEGORY.m"; sourceTree = "<group>"; };
		C5F55F70218977180057C57A /* ViewController+EXTENSION.h */ = {isa = PBXFileReference; lastKnownFileType = sourcecode.c.h; path = "ViewController+EXTENSION.h"; sourceTree = "<group>"; };
		C5F55F7B218984710057C57A /* UIView+EXTENSION.h */ = {isa = PBXFileReference; lastKnownFileType = sourcecode.c.h; path = "UIView+EXTENSION.h"; sourceTree = "<group>"; };
/* End PBXFileReference section */

/* Begin PBXFrameworksBuildPhase section */
		C543BF48217F0EE200743928 /* Frameworks */ = {
			isa = PBXFrameworksBuildPhase;
			buildActionMask = 2147483647;
			files = (
			);
			runOnlyForDeploymentPostprocessing = 0;
		};
/* End PBXFrameworksBuildPhase section */

/* Begin PBXGroup section */
		C543BF42217F0EE200743928 = {
			isa = PBXGroup;
			children = (
				C543BF4D217F0EE200743928 /* TestRuntime */,
				C543BF4C217F0EE200743928 /* Products */,
			);
			sourceTree = "<group>";
		};
		C543BF4C217F0EE200743928 /* Products */ = {
			isa = PBXGroup;
			children = (
				C543BF4B217F0EE200743928 /* TestRuntime.app */,
			);
			name = Products;
			sourceTree = "<group>";
		};
		C543BF4D217F0EE200743928 /* TestRuntime */ = {
			isa = PBXGroup;
			children = (
				C543BF4E217F0EE200743928 /* AppDelegate.h */,
				C543BF4F217F0EE200743928 /* AppDelegate.m */,
				C543BF51217F0EE200743928 /* ViewController.h */,
				C543BF52217F0EE200743928 /* ViewController.m */,
				C543BF54217F0EE200743928 /* Main.storyboard */,
				C543BF57217F0EE200743928 /* Assets.xcassets */,
				C543BF59217F0EE200743928 /* LaunchScreen.storyboard */,
				C543BF5C217F0EE200743928 /* Info.plist */,
				C543BF5D217F0EE200743928 /* main.m */,
				C5F55F6D218976FE0057C57A /* ViewController+CATEGORY.h */,
				C5F55F6E218976FE0057C57A /* ViewController+CATEGORY.m */,
				C5F55F70218977180057C57A /* ViewController+EXTENSION.h */,
				C5F55F7B218984710057C57A /* UIView+EXTENSION.h */,
			);
			path = TestRuntime;
			sourceTree = "<group>";
		};
/* End PBXGroup section */

/* Begin PBXNativeTarget section */
		C543BF4A217F0EE200743928 /* TestRuntime */ = {
			isa = PBXNativeTarget;
			buildConfigurationList = C543BF61217F0EE200743928 /* Build configuration list for PBXNativeTarget "TestRuntime" */;
			buildPhases = (
				C543BF47217F0EE200743928 /* Sources */,
				C543BF48217F0EE200743928 /* Frameworks */,
				C543BF49217F0EE200743928 /* Resources */,
			);
			buildRules = (
			);
			dependencies = (
			);
			name = TestRuntime;
			productName = TestRuntime;
			productReference = C543BF4B217F0EE200743928 /* TestRuntime.app */;
			productType = "com.apple.product-type.application";
		};
/* End PBXNativeTarget section */

/* Begin PBXProject section */
		C543BF43217F0EE200743928 /* Project object */ = {
			isa = PBXProject;
			attributes = {
				LastUpgradeCheck = 0920;
				ORGANIZATIONNAME = jean;
				TargetAttributes = {
					C543BF4A217F0EE200743928 = {
						CreatedOnToolsVersion = 9.2;
						ProvisioningStyle = Automatic;
					};
				};
			};
			buildConfigurationList = C543BF46217F0EE200743928 /* Build configuration list for PBXProject "TestRuntime" */;
			compatibilityVersion = "Xcode 8.0";
			developmentRegion = en;
			hasScannedForEncodings = 0;
			knownRegions = (
				en,
				Base,
			);
			mainGroup = C543BF42217F0EE200743928;
			productRefGroup = C543BF4C217F0EE200743928 /* Products */;
			projectDirPath = "";
			projectRoot = "";
			targets = (
				C543BF4A217F0EE200743928 /* TestRuntime */,
			);
		};
/* End PBXProject section */

/* Begin PBXResourcesBuildPhase section */
		C543BF49217F0EE200743928 /* Resources */ = {
			isa = PBXResourcesBuildPhase;
			buildActionMask = 2147483647;
			files = (
				C543BF5B217F0EE200743928 /* LaunchScreen.storyboard in Resources */,
				C543BF58217F0EE200743928 /* Assets.xcassets in Resources */,
				C543BF56217F0EE200743928 /* Main.storyboard in Resources */,
			);
			runOnlyForDeploymentPostprocessing = 0;
		};
/* End PBXResourcesBuildPhase section */

/* Begin PBXSourcesBuildPhase section */
		C543BF47217F0EE200743928 /* Sources */ = {
			isa = PBXSourcesBuildPhase;
			buildActionMask = 2147483647;
			files = (
				C543BF53217F0EE200743928 /* ViewController.m in Sources */,
				C5F55F6F218976FE0057C57A /* ViewController+CATEGORY.m in Sources */,
				C543BF5E217F0EE200743928 /* main.m in Sources */,
				C543BF50217F0EE200743928 /* AppDelegate.m in Sources */,
			);
			runOnlyForDeploymentPostprocessing = 0;
		};
/* End PBXSourcesBuildPhase section */

/* Begin PBXVariantGroup section */
		C543BF54217F0EE200743928 /* Main.storyboard */ = {
			isa = PBXVariantGroup;
			children = (
				C543BF55217F0EE200743928 /* Base */,
			);
			name = Main.storyboard;
			sourceTree = "<group>";
		};
		C543BF59217F0EE200743928 /* LaunchScreen.storyboard */ = {
			isa = PBXVariantGroup;
			children = (
				C543BF5A217F0EE200743928 /* Base */,
			);
			name = LaunchScreen.storyboard;
			sourceTree = "<group>";
		};
/* End PBXVariantGroup section */

/* Begin XCBuildConfiguration section */
		C543BF5F217F0EE200743928 /* Debug */ = {
			isa = XCBuildConfiguration;
			buildSettings = {
				ALWAYS_SEARCH_USER_PATHS = NO;
				CLANG_ANALYZER_NONNULL = YES;
				CLANG_ANALYZER_NUMBER_OBJECT_CONVERSION = YES_AGGRESSIVE;
				CLANG_CXX_LANGUAGE_STANDARD = "gnu++14";
				CLANG_CXX_LIBRARY = "libc++";
				CLANG_ENABLE_MODULES = YES;
				CLANG_ENABLE_OBJC_ARC = YES;
				CLANG_WARN_BLOCK_CAPTURE_AUTORELEASING = YES;
				CLANG_WARN_BOOL_CONVERSION = YES;
				CLANG_WARN_COMMA = YES;
				CLANG_WARN_CONSTANT_CONVERSION = YES;
				CLANG_WARN_DIRECT_OBJC_ISA_USAGE = YES_ERROR;
				CLANG_WARN_DOCUMENTATION_COMMENTS = YES;
				CLANG_WARN_EMPTY_BODY = YES;
				CLANG_WARN_ENUM_CONVERSION = YES;
				CLANG_WARN_INFINITE_RECURSION = YES;
				CLANG_WARN_INT_CONVERSION = YES;
				CLANG_WARN_NON_LITERAL_NULL_CONVERSION = YES;
				CLANG_WARN_OBJC_LITERAL_CONVERSION = YES;
				CLANG_WARN_OBJC_ROOT_CLASS = YES_ERROR;
				CLANG_WARN_RANGE_LOOP_ANALYSIS = YES;
				CLANG_WARN_STRICT_PROTOTYPES = YES;
				CLANG_WARN_SUSPICIOUS_MOVE = YES;
				CLANG_WARN_UNGUARDED_AVAILABILITY = YES_AGGRESSIVE;
				CLANG_WARN_UNREACHABLE_CODE = YES;
				CLANG_WARN__DUPLICATE_METHOD_MATCH = YES;
				CODE_SIGN_IDENTITY = "iPhone Developer";
				COPY_PHASE_STRIP = NO;
				DEBUG_INFORMATION_FORMAT = dwarf;
				ENABLE_STRICT_OBJC_MSGSEND = YES;
				ENABLE_TESTABILITY = YES;
				GCC_C_LANGUAGE_STANDARD = gnu11;
				GCC_DYNAMIC_NO_PIC = NO;
				GCC_NO_COMMON_BLOCKS = YES;
				GCC_OPTIMIZATION_LEVEL = 0;
				GCC_PREPROCESSOR_DEFINITIONS = (
					"DEBUG=1",
					"$(inherited)",
				);
				GCC_WARN_64_TO_32_BIT_CONVERSION = YES;
				GCC_WARN_ABOUT_RETURN_TYPE = YES_ERROR;
				GCC_WARN_UNDECLARED_SELECTOR = YES;
				GCC_WARN_UNINITIALIZED_AUTOS = YES_AGGRESSIVE;
				GCC_WARN_UNUSED_FUNCTION = YES;
				GCC_WARN_UNUSED_VARIABLE = YES;
				IPHONEOS_DEPLOYMENT_TARGET = 11.2;
				MTL_ENABLE_DEBUG_INFO = YES;
				ONLY_ACTIVE_ARCH = YES;
				SDKROOT = iphoneos;
			};
			name = Debug;
		};
		C543BF60217F0EE200743928 /* Release */ = {
			isa = XCBuildConfiguration;
			buildSettings = {
				ALWAYS_SEARCH_USER_PATHS = NO;
				CLANG_ANALYZER_NONNULL = YES;
				CLANG_ANALYZER_NUMBER_OBJECT_CONVERSION = YES_AGGRESSIVE;
				CLANG_CXX_LANGUAGE_STANDARD = "gnu++14";
				CLANG_CXX_LIBRARY = "libc++";
				CLANG_ENABLE_MODULES = YES;
				CLANG_ENABLE_OBJC_ARC = YES;
				CLANG_WARN_BLOCK_CAPTURE_AUTORELEASING = YES;
				CLANG_WARN_BOOL_CONVERSION = YES;
				CLANG_WARN_COMMA = YES;
				CLANG_WARN_CONSTANT_CONVERSION = YES;
				CLANG_WARN_DIRECT_OBJC_ISA_USAGE = YES_ERROR;
				CLANG_WARN_DOCUMENTATION_COMMENTS = YES;
				CLANG_WARN_EMPTY_BODY = YES;
				CLANG_WARN_ENUM_CONVERSION = YES;
				CLANG_WARN_INFINITE_RECURSION = YES;
				CLANG_WARN_INT_CONVERSION = YES;
				CLANG_WARN_NON_LITERAL_NULL_CONVERSION = YES;
				CLANG_WARN_OBJC_LITERAL_CONVERSION = YES;
				CLANG_WARN_OBJC_ROOT_CLASS = YES_ERROR;
				CLANG_WARN_RANGE_LOOP_ANALYSIS = YES;
				CLANG_WARN_STRICT_PROTOTYPES = YES;
				CLANG_WARN_SUSPICIOUS_MOVE = YES;
				CLANG_WARN_UNGUARDED_AVAILABILITY = YES_AGGRESSIVE;
				CLANG_WARN_UNREACHABLE_CODE = YES;
				CLANG_WARN__DUPLICATE_METHOD_MATCH = YES;
				CODE_SIGN_IDENTITY = "iPhone Developer";
				COPY_PHASE_STRIP = NO;
				DEBUG_INFORMATION_FORMAT = "dwarf-with-dsym";
				ENABLE_NS_ASSERTIONS = NO;
				ENABLE_STRICT_OBJC_MSGSEND = YES;
				GCC_C_LANGUAGE_STANDARD = gnu11;
				GCC_NO_COMMON_BLOCKS = YES;
				GCC_WARN_64_TO_32_BIT_CONVERSION = YES;
				GCC_WARN_ABOUT_RETURN_TYPE = YES_ERROR;
				GCC_WARN_UNDECLARED_SELECTOR = YES;
				GCC_WARN_UNINITIALIZED_AUTOS = YES_AGGRESSIVE;
				GCC_WARN_UNUSED_FUNCTION = YES;
				GCC_WARN_UNUSED_VARIABLE = YES;
				IPHONEOS_DEPLOYMENT_TARGET = 11.2;
				MTL_ENABLE_DEBUG_INFO = NO;
				SDKROOT = iphoneos;
				VALIDATE_PRODUCT = YES;
			};
			name = Release;
		};
		C543BF62217F0EE200743928 /* Debug */ = {
			isa = XCBuildConfiguration;
			buildSettings = {
				ASSETCATALOG_COMPILER_APPICON_NAME = AppIcon;
				CODE_SIGN_STYLE = Automatic;
				DEVELOPMENT_TEAM = 5CQH483237;
				INFOPLIST_FILE = TestRuntime/Info.plist;
				LD_RUNPATH_SEARCH_PATHS = "$(inherited) @executable_path/Frameworks";
				PRODUCT_BUNDLE_IDENTIFIER = com.eastmoney.iphone.TestRuntime;
				PRODUCT_NAME = "$(TARGET_NAME)";
				TARGETED_DEVICE_FAMILY = "1,2";
			};
			name = Debug;
		};
		C543BF63217F0EE200743928 /* Release */ = {
			isa = XCBuildConfiguration;
			buildSettings = {
				ASSETCATALOG_COMPILER_APPICON_NAME = AppIcon;
				CODE_SIGN_STYLE = Automatic;
				DEVELOPMENT_TEAM = 5CQH483237;
				INFOPLIST_FILE = TestRuntime/Info.plist;
				LD_RUNPATH_SEARCH_PATHS = "$(inherited) @executable_path/Frameworks";
				PRODUCT_BUNDLE_IDENTIFIER = com.eastmoney.iphone.TestRuntime;
				PRODUCT_NAME = "$(TARGET_NAME)";
				TARGETED_DEVICE_FAMILY = "1,2";
			};
			name = Release;
		};
/* End XCBuildConfiguration section */

/* Begin XCConfigurationList section */
		C543BF46217F0EE200743928 /* Build configuration list for PBXProject "TestRuntime" */ = {
			isa = XCConfigurationList;
			buildConfigurations = (
				C543BF5F217F0EE200743928 /* Debug */,
				C543BF60217F0EE200743928 /* Release */,
			);
			defaultConfigurationIsVisible = 0;
			defaultConfigurationName = Release;
		};
		C543BF61217F0EE200743928 /* Build configuration list for PBXNativeTarget "TestRuntime" */ = {
			isa = XCConfigurationList;
			buildConfigurations = (
				C543BF62217F0EE200743928 /* Debug */,
				C543BF63217F0EE200743928 /* Release */,
			);
			defaultConfigurationIsVisible = 0;
			defaultConfigurationName = Release;
		};
/* End XCConfigurationList section */
	};
	rootObject = C543BF43217F0EE200743928 /* Project object */;
}
